
Microsoft Visual Studio Solution File, Format Version 12.00
# Visual Studio Version 17
VisualStudioVersion = 17.5.33516.290
MinimumVisualStudioVersion = 10.0.40219.1
Project("{FAE04EC0-301F-11D3-BF4B-00C04F79EFBC}") = "WorkoAPI", "WorkoAPI\WorkoAPI.csproj", "{54E6718A-D92D-4996-9AD9-3A5BCAFA85C5}"
EndProject
Global
	GlobalSection(SolutionConfigurationPlatforms) = preSolution
		Debug|Any CPU = Debug|Any CPU
		Release|Any CPU = Release|Any CPU
	EndGlobalSection
	GlobalSection(ProjectConfigurationPlatforms) = postSolution
		{54E6718A-D92D-4996-9AD9-3A5BCAFA85C5}.Debug|Any CPU.ActiveCfg = Debug|Any CPU
		{54E6718A-D92D-4996-9AD9-3A5BCAFA85C5}.Debug|Any CPU.Build.0 = Debug|Any CPU
		{54E6718A-D92D-4996-9AD9-3A5BCAFA85C5}.Release|Any CPU.ActiveCfg = Release|Any CPU
		{54E6718A-D92D-4996-9AD9-3A5BCAFA85C5}.Release|Any CPU.Build.0 = Release|Any CPU
	EndGlobalSection
	GlobalSection(SolutionProperties) = preSolution
		HideSolutionNode = FALSE
	EndGlobalSection
	GlobalSection(ExtensibilityGlobals) = postSolution
		SolutionGuid = {F4087AD1-BF30-4BF5-88F0-B982CB8605A1}
	EndGlobalSection
EndGlobal
